
Microsoft Visual Studio Solution File, Format Version 12.00
# Visual Studio Version 16
VisualStudioVersion = 16.0.30114.105
MinimumVisualStudioVersion = 10.0.40219.1
Project("{FAE04EC0-301F-11D3-BF4B-00C04F79EFBC}") = "Lab3", "Lab3\Lab3.csproj", "{10522390-514C-4398-8A8B-DD0DBCD1C649}"
EndProject
Global
	GlobalSection(SolutionConfigurationPlatforms) = preSolution
		Debug|Any CPU = Debug|Any CPU
		Release|Any CPU = Release|Any CPU
	EndGlobalSection
	GlobalSection(ProjectConfigurationPlatforms) = postSolution
		{10522390-514C-4398-8A8B-DD0DBCD1C649}.Debug|Any CPU.ActiveCfg = Debug|Any CPU
		{10522390-514C-4398-8A8B-DD0DBCD1C649}.Debug|Any CPU.Build.0 = Debug|Any CPU
		{10522390-514C-4398-8A8B-DD0DBCD1C649}.Release|Any CPU.ActiveCfg = Release|Any CPU
		{10522390-514C-4398-8A8B-DD0DBCD1C649}.Release|Any CPU.Build.0 = Release|Any CPU
	EndGlobalSection
	GlobalSection(SolutionProperties) = preSolution
		HideSolutionNode = FALSE
	EndGlobalSection
	GlobalSection(ExtensibilityGlobals) = postSolution
		SolutionGuid = {273DBF08-2D6F-406D-B1AE-1F9041AC5FDF}
	EndGlobalSection
EndGlobal
