
Microsoft Visual Studio Solution File, Format Version 12.00
# Visual Studio Version 16
VisualStudioVersion = 16.0.30611.23
MinimumVisualStudioVersion = 10.0.40219.1
Project("{FAE04EC0-301F-11D3-BF4B-00C04F79EFBC}") = "WcfServiceOnIIS", "WcfServiceOnIIS\WcfServiceOnIIS.csproj", "{69443503-C559-4AA7-9E18-5AFB9326FB06}"
EndProject
Project("{FAE04EC0-301F-11D3-BF4B-00C04F79EFBC}") = "Client", "Client\Client.csproj", "{0D0FC441-E409-4079-B4FF-311047B60B47}"
	ProjectSection(ProjectDependencies) = postProject
		{69443503-C559-4AA7-9E18-5AFB9326FB06} = {69443503-C559-4AA7-9E18-5AFB9326FB06}
	EndProjectSection
EndProject
Global
	GlobalSection(SolutionConfigurationPlatforms) = preSolution
		Debug|Any CPU = Debug|Any CPU
		Release|Any CPU = Release|Any CPU
	EndGlobalSection
	GlobalSection(ProjectConfigurationPlatforms) = postSolution
		{69443503-C559-4AA7-9E18-5AFB9326FB06}.Debug|Any CPU.ActiveCfg = Debug|Any CPU
		{69443503-C559-4AA7-9E18-5AFB9326FB06}.Debug|Any CPU.Build.0 = Debug|Any CPU
		{69443503-C559-4AA7-9E18-5AFB9326FB06}.Release|Any CPU.ActiveCfg = Release|Any CPU
		{69443503-C559-4AA7-9E18-5AFB9326FB06}.Release|Any CPU.Build.0 = Release|Any CPU
		{0D0FC441-E409-4079-B4FF-311047B60B47}.Debug|Any CPU.ActiveCfg = Debug|Any CPU
		{0D0FC441-E409-4079-B4FF-311047B60B47}.Debug|Any CPU.Build.0 = Debug|Any CPU
		{0D0FC441-E409-4079-B4FF-311047B60B47}.Release|Any CPU.ActiveCfg = Release|Any CPU
		{0D0FC441-E409-4079-B4FF-311047B60B47}.Release|Any CPU.Build.0 = Release|Any CPU
	EndGlobalSection
	GlobalSection(SolutionProperties) = preSolution
		HideSolutionNode = FALSE
	EndGlobalSection
	GlobalSection(ExtensibilityGlobals) = postSolution
		SolutionGuid = {F65F9B23-B6B4-43C3-8EAD-0963601A66CD}
	EndGlobalSection
EndGlobal
